# This file is autogenerated, do not edit; changes may be undone by the next 'dep ensure'.


[[projects]]
  branch = "master"
  digest = "1:b02e5e3f836f077a3249d1dfe3c57d305e007f71a98f2e69c170a2dd8d2b266c"
  name = "github.com/AndreasBriese/bbloom"
  packages = ["."]
  pruneopts = "UT"
  revision = "343706a395b76e5ca5c7dca46a5d937b48febc74"

[[projects]]
  digest = "1:ffe9824d294da03b391f44e1ae8281281b4afc1bdaa9588c9097785e3af10cec"
  name = "github.com/davecgh/go-spew"
  packages = ["spew"]
  pruneopts = "UT"
  revision = "8991bc29aa16c548c550c7ff78260e27b9ab7c73"
  version = "v1.1.1"

[[projects]]
  digest = "1:220c380c682114017176ff56552522f0997ed6e98bc158ed0ff5a9f8be6c4eec"
  name = "github.com/dgraph-io/badger"
  packages = [
    ".",
    "options",
    "pb",
    "skl",
    "table",
    "y",
  ]
  pruneopts = "UT"
  revision = "10e1ee8dd41927fff4aa5cf1c205ad30f1a39e43"

[[projects]]
  branch = "master"
  digest = "1:8583eab935e3d99d3a7ac489cd2ee7c8e95eecd7c64ab1fc8382746dacaf8563"
  name = "github.com/dgryski/go-farm"
  packages = ["."]
  pruneopts = "UT"
  revision = "2de33835d10275975374b37b2dcfd22c9020a1f5"

[[projects]]
  digest = "1:6f9339c912bbdda81302633ad7e99a28dfa5a639c864061f1929510a9a64aa74"
  name = "github.com/dustin/go-humanize"
  packages = ["."]
  pruneopts = "UT"
  revision = "9f541cc9db5d55bce703bd99987c9d5cb8eea45e"
  version = "v1.0.0"

[[projects]]
  digest = "1:97df918963298c287643883209a2c3f642e6593379f97ab400c2a2e219ab647d"
  name = "github.com/golang/protobuf"
  packages = ["proto"]
  pruneopts = "UT"
  revision = "aa810b61a9c79d51363740d207bb46cf8e620ed5"
  version = "v1.2.0"

[[projects]]
  branch = "master"
  digest = "1:e3ddd1f59d3c84917c99ecb1c3420aa6899f6df7495ba9414c13732b2e9568dd"
  name = "github.com/gxed/hashland"
  packages = ["keccakpg"]
  pruneopts = "UT"
  revision = "d9f6b97f8db22dd1e090fd0bbbe98f09cc7dd0a8"

[[projects]]
  digest = "1:2be5a35f0c5b35162c41bb24971e5dcf6ce825403296ee435429cdcc4e1e847e"
  name = "github.com/hashicorp/go-immutable-radix"
  packages = ["."]
  pruneopts = "UT"
  revision = "27df80928bb34bb1b0d6d0e01b9e679902e7a6b5"
  version = "v1.0.0"

[[projects]]
  digest = "1:67474f760e9ac3799f740db2c489e6423a4cde45520673ec123ac831ad849cb8"
  name = "github.com/hashicorp/golang-lru"
  packages = ["simplelru"]
  pruneopts = "UT"
  revision = "20f1fb78b0740ba8c3cb143a61e86ba5c8669768"
  version = "v0.5.0"

[[projects]]
  digest = "1:f147b9478d08ff3880ddf082e61ee9de8b8ea5143c35fbc4571df59abd837753"
  name = "github.com/ipfs/go-block-format"
  packages = ["."]
  pruneopts = "UT"
  revision = "071a086542e0c24bfd773f68aead14ceb77bc817"
  version = "v0.2.0"

[[projects]]
  digest = "1:9999472bf9c934426d967c507d61f2de84affb8318b8d8c8bc38b3486edbd826"
  name = "github.com/ipfs/go-cid"
  packages = ["."]
  pruneopts = "UT"
  revision = "6e296c5c49ad84dc6a44af69fa1fe4e1245cd0cf"
  version = "v0.9.0"

[[projects]]
  digest = "1:aae82c244bd91107575a0244a29e82e34ba23e06b6892557e33728de48deba96"
  name = "github.com/ipfs/go-ipfs-util"
  packages = ["."]
  pruneopts = "UT"
  revision = "10d786c5ed859afd22223df76a89bf57b24b2ee1"
  version = "v1.2.8"

[[projects]]
  digest = "1:3b36695f5c9a015bc0c42226c8d66c34e65c8a6d4c38bfe600180a35f649adcb"
  name = "github.com/ipfs/go-ipld-cbor"
  packages = [
    ".",
    "encoding",
  ]
  pruneopts = "UT"
  revision = "4f6fa492b20fed2df7d3453912c61730d3618ef3"

[[projects]]
  digest = "1:4b103ddd6765734631aca6f48abd0ca009d1a8b79f8d93f17ce79b210b9c7346"
  name = "github.com/ipfs/go-ipld-format"
  packages = ["."]
  pruneopts = "UT"
  revision = "b2d848bada9dbd11ec27b9a38e8726555e249fd4"

[[projects]]
  branch = "master"
  digest = "1:130cefe87d7eeefc824978dcb78e35672d4c49a11f25c153fbf0cfd952756fa3"
  name = "github.com/minio/blake2b-simd"
  packages = ["."]
  pruneopts = "UT"
  revision = "3f5f724cb5b182a5c278d6d3d55b40e7f8c2efb4"

[[projects]]
  branch = "master"
  digest = "1:445210ef1e723060b3ebeb691648b5090f154992ee35f7065b70a6a5a96a3bb8"
  name = "github.com/minio/sha256-simd"
  packages = ["."]
  pruneopts = "UT"
  revision = "51976451ce1942acbb55707a983ed232fa027110"

[[projects]]
  digest = "1:cf5b7fbff2c87cff6c0e11f87b30edc21abc6592e6a76f41003ca6d5a712cf48"
  name = "github.com/mr-tron/base58"
  packages = ["base58"]
  pruneopts = "UT"
  revision = "89529c6904fcd077434931b4eac8b4b2f0991baf"
  version = "v1.1.0"

[[projects]]
  digest = "1:28e83f2abf3e3c83b9ad533a4295bdff102f94868b06d5f7bfe71c5477d81c8f"
  name = "github.com/multiformats/go-multibase"
  packages = ["."]
  pruneopts = "UT"
  revision = "bb91b53e5695e699a86654d77d03db7bc7506d12"
  version = "v0.3.0"

[[projects]]
  digest = "1:c0ea71365e7d0e63a2e8f48e6fc2ba92f2f2b739bbeb3cdabdcd719037e175c2"
  name = "github.com/multiformats/go-multihash"
  packages = ["."]
  pruneopts = "UT"
  revision = "8be2a682ab9f254311de1375145a2f78a809b07d"
  version = "v1.0.8"

[[projects]]
  digest = "1:40e195917a951a8bf867cd05de2a46aaf1806c50cf92eebf4c16f78cd196f747"
  name = "github.com/pkg/errors"
  packages = ["."]
  pruneopts = "UT"
  revision = "645ef00459ed84a119197bfb8d8205042c6df63d"
  version = "v0.8.0"

[[projects]]
  digest = "1:0028cb19b2e4c3112225cd871870f2d9cf49b9b4276531f03438a88e94be86fe"
  name = "github.com/pmezard/go-difflib"
  packages = ["difflib"]
  pruneopts = "UT"
  revision = "792786c7400a136282c1664665ae0a8db921c6c2"
  version = "v1.0.0"

[[projects]]
  branch = "master"
  digest = "1:3afb8fdb5f6af1fd5e520dcbc276247ac07a8f5324e451fefc743ad4f1ac7b36"
  name = "github.com/polydawn/refmt"
  packages = [
    ".",
    "cbor",
    "json",
    "obj",
    "obj/atlas",
    "shared",
    "tok",
  ]
  pruneopts = "UT"
  revision = "57f76afce9084f1463337a5856388c5b458e062e"

[[projects]]
  digest = "1:7730216cdf0e362c0ca6fb470f31f96479820120d1458ace9a4bb1a91af73989"
  name = "github.com/quorumcontrol/chaintree"
  packages = [
    "dag",
    "nodestore",
    "safewrap",
    "typecaster",
  ]
  pruneopts = "UT"
  revision = "7a5c55be000cea9173ffbaf8e108aaa068874240"
  version = "v3.0.3"

[[projects]]
  branch = "master"
  digest = "1:32e760f00b355161f1c67a6fc91ae3b3d5baacb94682a3d7b45aeeecd0d7a2f5"
  name = "github.com/quorumcontrol/namedlocker"
  packages = ["."]
  pruneopts = "UT"
  revision = "3f797c8b12b141e1e252cc202f43c27fce58ec9e"

[[projects]]
  digest = "1:a5ebdb4a994513ca79103270af3711e6329693325bc0ac89bbcf21fdf87cedb7"
  name = "github.com/quorumcontrol/storage"
  packages = ["."]
  pruneopts = "UT"
  revision = "c5e9df97b7f4aa63a9de7f3c30405f5acac9b4d9"
  source = "git@github.com:quorumcontrol/storage.git"
  version = "v1.1.1"

[[projects]]
  digest = "1:919bb3aa6d9d0b67648c219fa4925312bc3c2872da19e818fa769e9c97a2b643"
  name = "github.com/spaolacci/murmur3"
  packages = ["."]
  pruneopts = "UT"
  revision = "9f5d223c60793748f04a9d5b4b4eacddfc1f755d"
  version = "v1.1"

[[projects]]
  digest = "1:c40d65817cdd41fac9aa7af8bed56927bb2d6d47e4fea566a74880f5c2b1c41e"
  name = "github.com/stretchr/testify"
  packages = [
    "assert",
    "require",
  ]
  pruneopts = "UT"
  revision = "f35b8ab0b5a2cef36673838d662e249dd9c94686"
  version = "v1.2.2"

[[projects]]
  branch = "master"
  digest = "1:98fa13beefbf581ec173561adad6374c460631593b4bdcf03adc29cd18e5d2f5"
  name = "github.com/whyrusleeping/base32"
  packages = ["."]
  pruneopts = "UT"
  revision = "c30ac30633ccdabefe87eb12465113f06f1bab75"

[[projects]]
  branch = "master"
  digest = "1:ecddf8fe5119918b6c62b599fc1b956885ff92bda33c661db6d2936f8fd947c7"
  name = "golang.org/x/crypto"
  packages = [
    "blake2s",
    "internal/subtle",
    "nacl/secretbox",
    "pbkdf2",
    "poly1305",
    "salsa20/salsa",
    "scrypt",
    "sha3",
  ]
  pruneopts = "UT"
  revision = "4d3f4d9ffa16a13f451c3b2999e9c49e9750bf06"

[[projects]]
  branch = "master"
  digest = "1:a7b3aa11890fbe342ed4bf76a27986473d13103ae14796dcf2b55521c93e2547"
  name = "golang.org/x/net"
  packages = [
    "context",
    "internal/timeseries",
    "trace",
  ]
  pruneopts = "UT"
  revision = "c44066c5c816ec500d459a2a324a753f78531ae0"

[[projects]]
  branch = "master"
  digest = "1:6f86e2f2e2217cd4d74dec6786163cf80e4d2b99adb341ecc60a45113b844dca"
  name = "golang.org/x/sys"
  packages = [
    "cpu",
    "unix",
  ]
  pruneopts = "UT"
  revision = "7e31e0c00fa05cb5fbf4347b585621d6709e19a4"

[solve-meta]
  analyzer-name = "dep"
  analyzer-version = 1
  input-imports = [
    "github.com/davecgh/go-spew/spew",
    "github.com/ipfs/go-cid",
    "github.com/ipfs/go-ipld-cbor",
    "github.com/ipfs/go-ipld-format",
    "github.com/multiformats/go-multihash",
    "github.com/polydawn/refmt/obj",
    "github.com/polydawn/refmt/obj/atlas",
    "github.com/polydawn/refmt/shared",
    "github.com/quorumcontrol/chaintree/dag",
    "github.com/quorumcontrol/chaintree/nodestore",
    "github.com/quorumcontrol/chaintree/safewrap",
    "github.com/quorumcontrol/chaintree/typecaster",
    "github.com/quorumcontrol/namedlocker",
    "github.com/quorumcontrol/storage",
    "github.com/stretchr/testify/assert",
    "github.com/stretchr/testify/require",
  ]
  solver-name = "gps-cdcl"
  solver-version = 1
