# This file is autogenerated, do not edit; changes may be undone by the next 'dep ensure'.


[[projects]]
  digest = "1:6150d0a72956eb2e50226e13ce59ef2a9636c0e8e1ac900d72f9b2097121cdf9"
  name = "github.com/coreos/bbolt"
  packages = ["."]
  pruneopts = ""
  revision = "583e8937c61f1af6513608ccc75c97b6abdf4ff9"
  version = "v1.3.0"

[[projects]]
  digest = "1:56c130d885a4aacae1dd9c7b71cfe39912c7ebc1ff7d2b46083c8812996dc43b"
  name = "github.com/davecgh/go-spew"
  packages = ["spew"]
  pruneopts = ""
  revision = "346938d642f2ec3594ed81d874461961cd0faa76"
  version = "v1.1.0"

[[projects]]
  digest = "1:52020b0d8d20e2e73c4d6436aeb019d0f965bc73b81a7ea2547ab2b7023d4ef2"
  name = "github.com/ethereum/go-ethereum"
  packages = ["log"]
  pruneopts = ""
  revision = "225171a4bfcc16bd12a1906b1e0d43d0b18c353b"
  version = "v1.8.13"

[[projects]]
  digest = "1:9ca737b471693542351e112c9e86be9bf7385e42256893a09ecb2a98e2036f74"
  name = "github.com/go-stack/stack"
  packages = ["."]
  pruneopts = ""
  revision = "259ab82a6cad3992b4e21ff5cac294ccb06474bc"
  version = "v1.7.0"

[[projects]]
  branch = "master"
  digest = "1:1e529576e7eaa5e9d6fc46dc241527d54c01a5244fbcce9c151f6d52dcc576e3"
  name = "github.com/gxed/hashland"
  packages = ["keccakpg"]
  pruneopts = ""
  revision = "d9f6b97f8db22dd1e090fd0bbbe98f09cc7dd0a8"

[[projects]]
  digest = "1:b8d2c49bda797e13e2d6b169032efccc6f16209650f34979177823d2fbde16f5"
  name = "github.com/ipfs/go-block-format"
  packages = ["."]
  pruneopts = ""
  revision = "071a086542e0c24bfd773f68aead14ceb77bc817"
  version = "v0.2.0"

[[projects]]
  digest = "1:b7c957d6872ac6d8e007846236f0761b65eed1b4af840a57372e76d4a6987a09"
  name = "github.com/ipfs/go-cid"
  packages = ["."]
  pruneopts = ""
  revision = "6e296c5c49ad84dc6a44af69fa1fe4e1245cd0cf"
  version = "v0.9.0"

[[projects]]
  digest = "1:15ddaf5e5342274e6b8ac9061c2eed96f46373c747060c01d4bc1f9d186f5810"
  name = "github.com/ipfs/go-ipfs-util"
  packages = ["."]
  pruneopts = ""
  revision = "10d786c5ed859afd22223df76a89bf57b24b2ee1"
  version = "v1.2.8"

[[projects]]
  digest = "1:9b8e2c443acf6ff015754d0268a7cda53c827daedb0467dd7880d1a0e5d00667"
  name = "github.com/ipfs/go-ipld-cbor"
  packages = [
    ".",
    "encoding",
  ]
  pruneopts = ""
  revision = "2e6de03042b7c11dcfafb0c507963a037bc09b55"
  version = "v1.5.0"

[[projects]]
  digest = "1:ffe9ae762b1701d7ff681bd5cbe40de73ecbcebd993fc90c705773bcf9f69e55"
  name = "github.com/ipfs/go-ipld-format"
  packages = ["."]
  pruneopts = ""
  revision = "6b969cac91a29d376091d768815ef260a15ebdfc"
  version = "v0.6.0"

[[projects]]
  branch = "master"
  digest = "1:c485395b7f2482c29d261f62e1bc2d263de703eb02a6dba83c62810981b5860f"
  name = "github.com/minio/blake2b-simd"
  packages = ["."]
  pruneopts = ""
  revision = "3f5f724cb5b182a5c278d6d3d55b40e7f8c2efb4"

[[projects]]
  branch = "master"
  digest = "1:8c858d71f32ba76c660a590f352fdd474c8d33a2eea2c9453a0ed3ae636d63e3"
  name = "github.com/minio/sha256-simd"
  packages = ["."]
  pruneopts = ""
  revision = "ad98a36ba0da87206e3378c556abbfeaeaa98668"

[[projects]]
  branch = "master"
  digest = "1:4b0d251e61fe112ebeb52ce2162decdf13ae4a031c6e598c552a9b349dc4c74d"
  name = "github.com/mr-tron/base58"
  packages = ["base58"]
  pruneopts = ""
  revision = "c1bdf7c52f59d6685ca597b9955a443ff95eeee6"

[[projects]]
  digest = "1:579a93dea7f9a930f1c1288a4e9691b43047cb09e1176dc20919de9724fc079a"
  name = "github.com/multiformats/go-multibase"
  packages = ["."]
  pruneopts = ""
  revision = "bb91b53e5695e699a86654d77d03db7bc7506d12"
  version = "v0.3.0"

[[projects]]
  branch = "master"
  digest = "1:aa1c4e640b9e30bf188c999eae8a64306b212fcc5ee651259293c57e9b75c15c"
  name = "github.com/multiformats/go-multihash"
  packages = ["."]
  pruneopts = ""
  revision = "66cd79b386e51ddf63270f2b71c57436a60035f3"

[[projects]]
  digest = "1:256484dbbcd271f9ecebc6795b2df8cad4c458dd0f5fd82a8c2fa0c29f233411"
  name = "github.com/pmezard/go-difflib"
  packages = ["difflib"]
  pruneopts = ""
  revision = "792786c7400a136282c1664665ae0a8db921c6c2"
  version = "v1.0.0"

[[projects]]
  branch = "master"
  digest = "1:0841deabb133d088ee26b4687ca31994a530ab5a059fa0edf877af27c89ebec8"
  name = "github.com/polydawn/refmt"
  packages = [
    ".",
    "cbor",
    "json",
    "obj",
    "obj/atlas",
    "shared",
    "tok",
  ]
  pruneopts = ""
  revision = "332d9fceb7243532c37e887f926b529d9087526f"

[[projects]]
  branch = "master"
  digest = "1:09af781fcd348813b35d053b14c818038daa5fa392d800762ecab21a041e51a1"
  name = "github.com/quorumcontrol/namedlocker"
  packages = ["."]
  pruneopts = ""
  revision = "3f797c8b12b141e1e252cc202f43c27fce58ec9e"

[[projects]]
  branch = "master"
  digest = "1:0b5f76db3a0f1efadb94bca6d9351f15f772d7658246c877f885a8f6049e9ce8"
  name = "github.com/quorumcontrol/storage"
  packages = ["."]
  pruneopts = ""
  revision = "66a294ac54c8d4f92e530800d0ee6b43415c14b3"

[[projects]]
  digest = "1:633b5b39909d9d794f5543baee4971890e1866f5c082cdf4694954c1ff489a18"
  name = "github.com/spaolacci/murmur3"
  packages = ["."]
  pruneopts = ""
  revision = "9f5d223c60793748f04a9d5b4b4eacddfc1f755d"
  version = "v1.1"

[[projects]]
  digest = "1:a30066593578732a356dc7e5d7f78d69184ca65aeeff5939241a3ab10559bb06"
  name = "github.com/stretchr/testify"
  packages = [
    "assert",
    "require",
  ]
  pruneopts = ""
  revision = "12b6f73e6084dad08a7c6e575284b177ecafbc71"
  version = "v1.2.1"

[[projects]]
  branch = "master"
  digest = "1:1e10b6e24ab9cbfafc7db7985cc43f01624a5a82d188572baf2ab2257b4427e2"
  name = "github.com/whyrusleeping/base32"
  packages = ["."]
  pruneopts = ""
  revision = "c30ac30633ccdabefe87eb12465113f06f1bab75"

[[projects]]
  branch = "master"
  digest = "1:47ff8b3229cff95d3cf3738c7a8461fdeacd3f46801e54d301a62500605ce202"
  name = "golang.org/x/crypto"
  packages = [
    "blake2s",
    "nacl/secretbox",
    "pbkdf2",
    "poly1305",
    "salsa20/salsa",
    "scrypt",
    "sha3",
  ]
  pruneopts = ""
  revision = "d6449816ce06963d9d136eee5a56fca5b0616e7e"

[[projects]]
  branch = "master"
  digest = "1:00355c1b032fcd05c29dad217f43f38f7f46d691a519d86416edaf345e677c21"
  name = "golang.org/x/sys"
  packages = ["unix"]
  pruneopts = ""
  revision = "acbc56fc7007d2a01796d5bde54f39e3b3e95945"

[solve-meta]
  analyzer-name = "dep"
  analyzer-version = 1
  input-imports = [
    "github.com/davecgh/go-spew/spew",
    "github.com/ipfs/go-cid",
    "github.com/ipfs/go-ipld-cbor",
    "github.com/ipfs/go-ipld-format",
    "github.com/multiformats/go-multihash",
    "github.com/polydawn/refmt/obj",
    "github.com/polydawn/refmt/obj/atlas",
    "github.com/polydawn/refmt/shared",
    "github.com/quorumcontrol/namedlocker",
    "github.com/quorumcontrol/storage",
    "github.com/stretchr/testify/assert",
    "github.com/stretchr/testify/require",
  ]
  solver-name = "gps-cdcl"
  solver-version = 1
